
Microsoft Visual Studio Solution File, Format Version 12.00
# Visual Studio Version 17
VisualStudioVersion = 17.4.33122.133
MinimumVisualStudioVersion = 10.0.40219.1
Project("{FAE04EC0-301F-11D3-BF4B-00C04F79EFBC}") = "Q and A", "Q and A.csproj", "{847847D8-D71F-4979-83CC-B0C1043AA748}"
EndProject
Global
	GlobalSection(SolutionConfigurationPlatforms) = preSolution
		Debug|Any CPU = Debug|Any CPU
		Release|Any CPU = Release|Any CPU
	EndGlobalSection
	GlobalSection(ProjectConfigurationPlatforms) = postSolution
		{847847D8-D71F-4979-83CC-B0C1043AA748}.Debug|Any CPU.ActiveCfg = Debug|Any CPU
		{847847D8-D71F-4979-83CC-B0C1043AA748}.Debug|Any CPU.Build.0 = Debug|Any CPU
		{847847D8-D71F-4979-83CC-B0C1043AA748}.Release|Any CPU.ActiveCfg = Release|Any CPU
		{847847D8-D71F-4979-83CC-B0C1043AA748}.Release|Any CPU.Build.0 = Release|Any CPU
	EndGlobalSection
	GlobalSection(SolutionProperties) = preSolution
		HideSolutionNode = FALSE
	EndGlobalSection
	GlobalSection(ExtensibilityGlobals) = postSolution
		SolutionGuid = {C3C11101-59A7-4913-A18F-E3F63F82D1EC}
	EndGlobalSection
EndGlobal
